PODS:
  - DropDown (2.3.13)
  - Realm (10.1.4):
    - Realm/Headers (= 10.1.4)
  - Realm/Headers (10.1.4)
  - RealmSwift (10.1.4):
    - Realm (= 10.1.4)

DEPENDENCIES:
  - DropDown
  - RealmSwift

SPEC REPOS:
  trunk:
    - DropDown
    - Realm
    - RealmSwift

SPEC CHECKSUMS:
  DropDown: 8a2116376c1981888557f72ec2ffc9a5e0e456ec
  Realm: 80f4fb2971ccb9adc27a47d0955ae8e533a7030b
  RealmSwift: 0e566ca714edb377bba8ea0811eafcea0b93734e

PODFILE CHECKSUM: 2283c7590b2d2e55cebd9d8138f17b460c737387

COCOAPODS: 1.10.0
